// !$*UTF8*$!
{
	archiveVersion = 1;
	classes = {
	};
	objectVersion = 52;
	objects = {

/* Begin PBXBuildFile section */
		6B76BF752406D831005B1AC3 /* AppDelegate.swift in Sources */ = {isa = PBXBuildFile; fileRef = 6B76BF742406D831005B1AC3 /* AppDelegate.swift */; };
		6B76BF772406D831005B1AC3 /* SceneDelegate.swift in Sources */ = {isa = PBXBuildFile; fileRef = 6B76BF762406D831005B1AC3 /* SceneDelegate.swift */; };
		6B76BF792406D831005B1AC3 /* PokedexViewController.swift in Sources */ = {isa = PBXBuildFile; fileRef = 6B76BF782406D831005B1AC3 /* PokedexViewController.swift */; };
		6B76BF7E2406D832005B1AC3 /* Assets.xcassets in Resources */ = {isa = PBXBuildFile; fileRef = 6B76BF7D2406D832005B1AC3 /* Assets.xcassets */; };
		6B76BF812406D832005B1AC3 /* LaunchScreen.storyboard in Resources */ = {isa = PBXBuildFile; fileRef = 6B76BF7F2406D832005B1AC3 /* LaunchScreen.storyboard */; };
		6B76BF8C2406D832005B1AC3 /* PokedexTests.swift in Sources */ = {isa = PBXBuildFile; fileRef = 6B76BF8B2406D832005B1AC3 /* PokedexTests.swift */; };
		6B76BF972406D832005B1AC3 /* PokedexUITests.swift in Sources */ = {isa = PBXBuildFile; fileRef = 6B76BF962406D832005B1AC3 /* PokedexUITests.swift */; };
		6B76BFA52406DE7C005B1AC3 /* Model.swift in Sources */ = {isa = PBXBuildFile; fileRef = 6B76BFA42406DE7C005B1AC3 /* Model.swift */; };
		6B76BFA92406DECD005B1AC3 /* PokedexView.swift in Sources */ = {isa = PBXBuildFile; fileRef = 6B76BFA82406DECD005B1AC3 /* PokedexView.swift */; };
		6B76BFAC2406DF15005B1AC3 /* PinLayout in Frameworks */ = {isa = PBXBuildFile; productRef = 6B76BFAB2406DF15005B1AC3 /* PinLayout */; };
		6B76BFAE2407CC45005B1AC3 /* APIClient.swift in Sources */ = {isa = PBXBuildFile; fileRef = 6B76BFAD2407CC45005B1AC3 /* APIClient.swift */; };
		6B76BFB12407CC8D005B1AC3 /* NetworkError.swift in Sources */ = {isa = PBXBuildFile; fileRef = 6B76BFB02407CC8D005B1AC3 /* NetworkError.swift */; };
		6B76BFB32407DF56005B1AC3 /* PokedexAPIClient.swift in Sources */ = {isa = PBXBuildFile; fileRef = 6B76BFB22407DF56005B1AC3 /* PokedexAPIClient.swift */; };
		6B76BFB72407F1A8005B1AC3 /* PokedexCell.swift in Sources */ = {isa = PBXBuildFile; fileRef = 6B76BFB62407F1A8005B1AC3 /* PokedexCell.swift */; };
		6B76BFB924081F19005B1AC3 /* PokeVIew.swift in Sources */ = {isa = PBXBuildFile; fileRef = 6B76BFB824081F19005B1AC3 /* PokeVIew.swift */; };
		6BE1CC8624083CBC00DE0CFE /* Kingfisher in Frameworks */ = {isa = PBXBuildFile; productRef = 6BE1CC8524083CBC00DE0CFE /* Kingfisher */; };
		6BE1CC8B24084F1C00DE0CFE /* Extension.swift in Sources */ = {isa = PBXBuildFile; fileRef = 6BE1CC8A24084F1C00DE0CFE /* Extension.swift */; };
		6BE1CC8D24091D2C00DE0CFE /* Endpoint.swift in Sources */ = {isa = PBXBuildFile; fileRef = 6BE1CC8C24091D2C00DE0CFE /* Endpoint.swift */; };
		6BE1CC9024091D6200DE0CFE /* PokedexEndpoint.swift in Sources */ = {isa = PBXBuildFile; fileRef = 6BE1CC8F24091D6200DE0CFE /* PokedexEndpoint.swift */; };
		6BE1CC9224092B9300DE0CFE /* Constants.swift in Sources */ = {isa = PBXBuildFile; fileRef = 6BE1CC9124092B9300DE0CFE /* Constants.swift */; };
		6BE1CC94240933CC00DE0CFE /* PokemonViewController.swift in Sources */ = {isa = PBXBuildFile; fileRef = 6BE1CC93240933CC00DE0CFE /* PokemonViewController.swift */; };
		6BE1CC96240933D500DE0CFE /* PokemonView.swift in Sources */ = {isa = PBXBuildFile; fileRef = 6BE1CC95240933D500DE0CFE /* PokemonView.swift */; };
		6BE1CC9B240961E800DE0CFE /* TypeCell.swift in Sources */ = {isa = PBXBuildFile; fileRef = 6BE1CC9A240961E800DE0CFE /* TypeCell.swift */; };
		6BE1CC9F24099C1F00DE0CFE /* StatCell.swift in Sources */ = {isa = PBXBuildFile; fileRef = 6BE1CC9E24099C1F00DE0CFE /* StatCell.swift */; };
		6BE1CCA1240A76D500DE0CFE /* LevelBar.swift in Sources */ = {isa = PBXBuildFile; fileRef = 6BE1CCA0240A76D500DE0CFE /* LevelBar.swift */; };
/* End PBXBuildFile section */

/* Begin PBXContainerItemProxy section */
		6B76BF882406D832005B1AC3 /* PBXContainerItemProxy */ = {
			isa = PBXContainerItemProxy;
			containerPortal = 6B76BF692406D831005B1AC3 /* Project object */;
			proxyType = 1;
			remoteGlobalIDString = 6B76BF702406D831005B1AC3;
			remoteInfo = Pokedex;
		};
		6B76BF932406D832005B1AC3 /* PBXContainerItemProxy */ = {
			isa = PBXContainerItemProxy;
			containerPortal = 6B76BF692406D831005B1AC3 /* Project object */;
			proxyType = 1;
			remoteGlobalIDString = 6B76BF702406D831005B1AC3;
			remoteInfo = Pokedex;
		};
/* End PBXContainerItemProxy section */

/* Begin PBXFileReference section */
		6B76BF712406D831005B1AC3 /* Pokedex.app */ = {isa = PBXFileReference; explicitFileType = wrapper.application; includeInIndex = 0; path = Pokedex.app; sourceTree = BUILT_PRODUCTS_DIR; };
		6B76BF742406D831005B1AC3 /* AppDelegate.swift */ = {isa = PBXFileReference; lastKnownFileType = sourcecode.swift; path = AppDelegate.swift; sourceTree = "<group>"; };
		6B76BF762406D831005B1AC3 /* SceneDelegate.swift */ = {isa = PBXFileReference; lastKnownFileType = sourcecode.swift; path = SceneDelegate.swift; sourceTree = "<group>"; };
		6B76BF782406D831005B1AC3 /* PokedexViewController.swift */ = {isa = PBXFileReference; lastKnownFileType = sourcecode.swift; path = PokedexViewController.swift; sourceTree = "<group>"; };
		6B76BF7D2406D832005B1AC3 /* Assets.xcassets */ = {isa = PBXFileReference; lastKnownFileType = folder.assetcatalog; path = Assets.xcassets; sourceTree = "<group>"; };
		6B76BF802406D832005B1AC3 /* Base */ = {isa = PBXFileReference; lastKnownFileType = file.storyboard; name = Base; path = Base.lproj/LaunchScreen.storyboard; sourceTree = "<group>"; };
		6B76BF822406D832005B1AC3 /* Info.plist */ = {isa = PBXFileReference; lastKnownFileType = text.plist.xml; path = Info.plist; sourceTree = "<group>"; };
		6B76BF872406D832005B1AC3 /* PokedexTests.xctest */ = {isa = PBXFileReference; explicitFileType = wrapper.cfbundle; includeInIndex = 0; path = PokedexTests.xctest; sourceTree = BUILT_PRODUCTS_DIR; };
		6B76BF8B2406D832005B1AC3 /* PokedexTests.swift */ = {isa = PBXFileReference; lastKnownFileType = sourcecode.swift; path = PokedexTests.swift; sourceTree = "<group>"; };
		6B76BF8D2406D832005B1AC3 /* Info.plist */ = {isa = PBXFileReference; lastKnownFileType = text.plist.xml; path = Info.plist; sourceTree = "<group>"; };
		6B76BF922406D832005B1AC3 /* PokedexUITests.xctest */ = {isa = PBXFileReference; explicitFileType = wrapper.cfbundle; includeInIndex = 0; path = PokedexUITests.xctest; sourceTree = BUILT_PRODUCTS_DIR; };
		6B76BF962406D832005B1AC3 /* PokedexUITests.swift */ = {isa = PBXFileReference; lastKnownFileType = sourcecode.swift; path = PokedexUITests.swift; sourceTree = "<group>"; };
		6B76BF982406D832005B1AC3 /* Info.plist */ = {isa = PBXFileReference; lastKnownFileType = text.plist.xml; path = Info.plist; sourceTree = "<group>"; };
		6B76BFA42406DE7C005B1AC3 /* Model.swift */ = {isa = PBXFileReference; lastKnownFileType = sourcecode.swift; path = Model.swift; sourceTree = "<group>"; };
		6B76BFA82406DECD005B1AC3 /* PokedexView.swift */ = {isa = PBXFileReference; lastKnownFileType = sourcecode.swift; path = PokedexView.swift; sourceTree = "<group>"; };
		6B76BFAD2407CC45005B1AC3 /* APIClient.swift */ = {isa = PBXFileReference; lastKnownFileType = sourcecode.swift; path = APIClient.swift; sourceTree = "<group>"; };
		6B76BFB02407CC8D005B1AC3 /* NetworkError.swift */ = {isa = PBXFileReference; lastKnownFileType = sourcecode.swift; path = NetworkError.swift; sourceTree = "<group>"; };
		6B76BFB22407DF56005B1AC3 /* PokedexAPIClient.swift */ = {isa = PBXFileReference; lastKnownFileType = sourcecode.swift; path = PokedexAPIClient.swift; sourceTree = "<group>"; };
		6B76BFB62407F1A8005B1AC3 /* PokedexCell.swift */ = {isa = PBXFileReference; lastKnownFileType = sourcecode.swift; path = PokedexCell.swift; sourceTree = "<group>"; };
		6B76BFB824081F19005B1AC3 /* PokeVIew.swift */ = {isa = PBXFileReference; lastKnownFileType = sourcecode.swift; path = PokeVIew.swift; sourceTree = "<group>"; };
		6BE1CC8A24084F1C00DE0CFE /* Extension.swift */ = {isa = PBXFileReference; lastKnownFileType = sourcecode.swift; path = Extension.swift; sourceTree = "<group>"; };
		6BE1CC8C24091D2C00DE0CFE /* Endpoint.swift */ = {isa = PBXFileReference; lastKnownFileType = sourcecode.swift; path = Endpoint.swift; sourceTree = "<group>"; };
		6BE1CC8F24091D6200DE0CFE /* PokedexEndpoint.swift */ = {isa = PBXFileReference; lastKnownFileType = sourcecode.swift; path = PokedexEndpoint.swift; sourceTree = "<group>"; };
		6BE1CC9124092B9300DE0CFE /* Constants.swift */ = {isa = PBXFileReference; lastKnownFileType = sourcecode.swift; path = Constants.swift; sourceTree = "<group>"; };
		6BE1CC93240933CC00DE0CFE /* PokemonViewController.swift */ = {isa = PBXFileReference; lastKnownFileType = sourcecode.swift; path = PokemonViewController.swift; sourceTree = "<group>"; };
		6BE1CC95240933D500DE0CFE /* PokemonView.swift */ = {isa = PBXFileReference; lastKnownFileType = sourcecode.swift; path = PokemonView.swift; sourceTree = "<group>"; };
		6BE1CC9A240961E800DE0CFE /* TypeCell.swift */ = {isa = PBXFileReference; lastKnownFileType = sourcecode.swift; path = TypeCell.swift; sourceTree = "<group>"; };
		6BE1CC9E24099C1F00DE0CFE /* StatCell.swift */ = {isa = PBXFileReference; lastKnownFileType = sourcecode.swift; path = StatCell.swift; sourceTree = "<group>"; };
		6BE1CCA0240A76D500DE0CFE /* LevelBar.swift */ = {isa = PBXFileReference; lastKnownFileType = sourcecode.swift; path = LevelBar.swift; sourceTree = "<group>"; };
/* End PBXFileReference section */

/* Begin PBXFrameworksBuildPhase section */
		6B76BF6E2406D831005B1AC3 /* Frameworks */ = {
			isa = PBXFrameworksBuildPhase;
			buildActionMask = 2147483647;
			files = (
				6BE1CC8624083CBC00DE0CFE /* Kingfisher in Frameworks */,
				6B76BFAC2406DF15005B1AC3 /* PinLayout in Frameworks */,
			);
			runOnlyForDeploymentPostprocessing = 0;
		};
		6B76BF842406D832005B1AC3 /* Frameworks */ = {
			isa = PBXFrameworksBuildPhase;
			buildActionMask = 2147483647;
			files = (
			);
			runOnlyForDeploymentPostprocessing = 0;
		};
		6B76BF8F2406D832005B1AC3 /* Frameworks */ = {
			isa = PBXFrameworksBuildPhase;
			buildActionMask = 2147483647;
			files = (
			);
			runOnlyForDeploymentPostprocessing = 0;
		};
/* End PBXFrameworksBuildPhase section */

/* Begin PBXGroup section */
		6B76BF682406D831005B1AC3 = {
			isa = PBXGroup;
			children = (
				6B76BF732406D831005B1AC3 /* Pokedex */,
				6B76BF8A2406D832005B1AC3 /* PokedexTests */,
				6B76BF952406D832005B1AC3 /* PokedexUITests */,
				6B76BF722406D831005B1AC3 /* Products */,
			);
			sourceTree = "<group>";
		};
		6B76BF722406D831005B1AC3 /* Products */ = {
			isa = PBXGroup;
			children = (
				6B76BF712406D831005B1AC3 /* Pokedex.app */,
				6B76BF872406D832005B1AC3 /* PokedexTests.xctest */,
				6B76BF922406D832005B1AC3 /* PokedexUITests.xctest */,
			);
			name = Products;
			sourceTree = "<group>";
		};
		6B76BF732406D831005B1AC3 /* Pokedex */ = {
			isa = PBXGroup;
			children = (
				6B76BF822406D832005B1AC3 /* Info.plist */,
				6BE1CC9124092B9300DE0CFE /* Constants.swift */,
				6BE1CC8724084EAE00DE0CFE /* App */,
				6BE1CC8824084EC600DE0CFE /* Protocol */,
				6B76BFA62406DE82005B1AC3 /* Model */,
				6B76BFAF2407CC7F005B1AC3 /* Networking */,
				6B76BFB52407F15F005B1AC3 /* PokedexScreen */,
				6BE1CC97240933DA00DE0CFE /* PokemonScreen */,
				6BE1CC8924084EF000DE0CFE /* Resources */,
				6BE1CC8A24084F1C00DE0CFE /* Extension.swift */,
			);
			path = Pokedex;
			sourceTree = "<group>";
		};
		6B76BF8A2406D832005B1AC3 /* PokedexTests */ = {
			isa = PBXGroup;
			children = (
				6B76BF8B2406D832005B1AC3 /* PokedexTests.swift */,
				6B76BF8D2406D832005B1AC3 /* Info.plist */,
			);
			path = PokedexTests;
			sourceTree = "<group>";
		};
		6B76BF952406D832005B1AC3 /* PokedexUITests */ = {
			isa = PBXGroup;
			children = (
				6B76BF962406D832005B1AC3 /* PokedexUITests.swift */,
				6B76BF982406D832005B1AC3 /* Info.plist */,
			);
			path = PokedexUITests;
			sourceTree = "<group>";
		};
		6B76BFA62406DE82005B1AC3 /* Model */ = {
			isa = PBXGroup;
			children = (
				6B76BFA42406DE7C005B1AC3 /* Model.swift */,
			);
			path = Model;
			sourceTree = "<group>";
		};
		6B76BFA72406DE97005B1AC3 /* ViewController */ = {
			isa = PBXGroup;
			children = (
				6B76BF782406D831005B1AC3 /* PokedexViewController.swift */,
			);
			path = ViewController;
			sourceTree = "<group>";
		};
		6B76BFAF2407CC7F005B1AC3 /* Networking */ = {
			isa = PBXGroup;
			children = (
				6B76BFAD2407CC45005B1AC3 /* APIClient.swift */,
				6B76BFB02407CC8D005B1AC3 /* NetworkError.swift */,
				6B76BFB22407DF56005B1AC3 /* PokedexAPIClient.swift */,
				6BE1CC8E24091D4E00DE0CFE /* Endpoint */,
			);
			path = Networking;
			sourceTree = "<group>";
		};
		6B76BFB42407F14F005B1AC3 /* View */ = {
			isa = PBXGroup;
			children = (
				6B76BFB62407F1A8005B1AC3 /* PokedexCell.swift */,
				6B76BFA82406DECD005B1AC3 /* PokedexView.swift */,
			);
			path = View;
			sourceTree = "<group>";
		};
		6B76BFB52407F15F005B1AC3 /* PokedexScreen */ = {
			isa = PBXGroup;
			children = (
				6B76BFB42407F14F005B1AC3 /* View */,
				6B76BFA72406DE97005B1AC3 /* ViewController */,
			);
			path = PokedexScreen;
			sourceTree = "<group>";
		};
		6BE1CC8724084EAE00DE0CFE /* App */ = {
			isa = PBXGroup;
			children = (
				6B76BF742406D831005B1AC3 /* AppDelegate.swift */,
				6B76BF762406D831005B1AC3 /* SceneDelegate.swift */,
				6B76BF7F2406D832005B1AC3 /* LaunchScreen.storyboard */,
			);
			path = App;
			sourceTree = "<group>";
		};
		6BE1CC8824084EC600DE0CFE /* Protocol */ = {
			isa = PBXGroup;
			children = (
				6B76BFB824081F19005B1AC3 /* PokeVIew.swift */,
			);
			path = Protocol;
			sourceTree = "<group>";
		};
		6BE1CC8924084EF000DE0CFE /* Resources */ = {
			isa = PBXGroup;
			children = (
				6B76BF7D2406D832005B1AC3 /* Assets.xcassets */,
			);
			path = Resources;
			sourceTree = "<group>";
		};
		6BE1CC8E24091D4E00DE0CFE /* Endpoint */ = {
			isa = PBXGroup;
			children = (
				6BE1CC8C24091D2C00DE0CFE /* Endpoint.swift */,
				6BE1CC8F24091D6200DE0CFE /* PokedexEndpoint.swift */,
			);
			path = Endpoint;
			sourceTree = "<group>";
		};
		6BE1CC97240933DA00DE0CFE /* PokemonScreen */ = {
			isa = PBXGroup;
			children = (
				6BE1CC98240933E500DE0CFE /* ViewController */,
				6BE1CC99240933F100DE0CFE /* View */,
			);
			path = PokemonScreen;
			sourceTree = "<group>";
		};
		6BE1CC98240933E500DE0CFE /* ViewController */ = {
			isa = PBXGroup;
			children = (
				6BE1CC93240933CC00DE0CFE /* PokemonViewController.swift */,
			);
			path = ViewController;
			sourceTree = "<group>";
		};
		6BE1CC99240933F100DE0CFE /* View */ = {
			isa = PBXGroup;
			children = (
				6BE1CC95240933D500DE0CFE /* PokemonView.swift */,
				6BE1CC9A240961E800DE0CFE /* TypeCell.swift */,
				6BE1CC9E24099C1F00DE0CFE /* StatCell.swift */,
				6BE1CCA0240A76D500DE0CFE /* LevelBar.swift */,
			);
			path = View;
			sourceTree = "<group>";
		};
/* End PBXGroup section */

/* Begin PBXNativeTarget section */
		6B76BF702406D831005B1AC3 /* Pokedex */ = {
			isa = PBXNativeTarget;
			buildConfigurationList = 6B76BF9B2406D832005B1AC3 /* Build configuration list for PBXNativeTarget "Pokedex" */;
			buildPhases = (
				6B76BF6D2406D831005B1AC3 /* Sources */,
				6B76BF6E2406D831005B1AC3 /* Frameworks */,
				6B76BF6F2406D831005B1AC3 /* Resources */,
			);
			buildRules = (
			);
			dependencies = (
			);
			name = Pokedex;
			packageProductDependencies = (
				6B76BFAB2406DF15005B1AC3 /* PinLayout */,
				6BE1CC8524083CBC00DE0CFE /* Kingfisher */,
			);
			productName = Pokedex;
			productReference = 6B76BF712406D831005B1AC3 /* Pokedex.app */;
			productType = "com.apple.product-type.application";
		};
		6B76BF862406D832005B1AC3 /* PokedexTests */ = {
			isa = PBXNativeTarget;
			buildConfigurationList = 6B76BF9E2406D832005B1AC3 /* Build configuration list for PBXNativeTarget "PokedexTests" */;
			buildPhases = (
				6B76BF832406D832005B1AC3 /* Sources */,
				6B76BF842406D832005B1AC3 /* Frameworks */,
				6B76BF852406D832005B1AC3 /* Resources */,
			);
			buildRules = (
			);
			dependencies = (
				6B76BF892406D832005B1AC3 /* PBXTargetDependency */,
			);
			name = PokedexTests;
			productName = PokedexTests;
			productReference = 6B76BF872406D832005B1AC3 /* PokedexTests.xctest */;
			productType = "com.apple.product-type.bundle.unit-test";
		};
		6B76BF912406D832005B1AC3 /* PokedexUITests */ = {
			isa = PBXNativeTarget;
			buildConfigurationList = 6B76BFA12406D832005B1AC3 /* Build configuration list for PBXNativeTarget "PokedexUITests" */;
			buildPhases = (
				6B76BF8E2406D832005B1AC3 /* Sources */,
				6B76BF8F2406D832005B1AC3 /* Frameworks */,
				6B76BF902406D832005B1AC3 /* Resources */,
			);
			buildRules = (
			);
			dependencies = (
				6B76BF942406D832005B1AC3 /* PBXTargetDependency */,
			);
			name = PokedexUITests;
			productName = PokedexUITests;
			productReference = 6B76BF922406D832005B1AC3 /* PokedexUITests.xctest */;
			productType = "com.apple.product-type.bundle.ui-testing";
		};
/* End PBXNativeTarget section */

/* Begin PBXProject section */
		6B76BF692406D831005B1AC3 /* Project object */ = {
			isa = PBXProject;
			attributes = {
				LastSwiftUpdateCheck = 1130;
				LastUpgradeCheck = 1130;
				ORGANIZATIONNAME = "Davide Tarantino";
				TargetAttributes = {
					6B76BF702406D831005B1AC3 = {
						CreatedOnToolsVersion = 11.3.1;
					};
					6B76BF862406D832005B1AC3 = {
						CreatedOnToolsVersion = 11.3.1;
						TestTargetID = 6B76BF702406D831005B1AC3;
					};
					6B76BF912406D832005B1AC3 = {
						CreatedOnToolsVersion = 11.3.1;
						TestTargetID = 6B76BF702406D831005B1AC3;
					};
				};
			};
			buildConfigurationList = 6B76BF6C2406D831005B1AC3 /* Build configuration list for PBXProject "Pokedex" */;
			compatibilityVersion = "Xcode 9.3";
			developmentRegion = en;
			hasScannedForEncodings = 0;
			knownRegions = (
				en,
				Base,
			);
			mainGroup = 6B76BF682406D831005B1AC3;
			packageReferences = (
				6B76BFAA2406DF15005B1AC3 /* XCRemoteSwiftPackageReference "PinLayout" */,
				6BE1CC8424083CBB00DE0CFE /* XCRemoteSwiftPackageReference "Kingfisher" */,
			);
			productRefGroup = 6B76BF722406D831005B1AC3 /* Products */;
			projectDirPath = "";
			projectRoot = "";
			targets = (
				6B76BF702406D831005B1AC3 /* Pokedex */,
				6B76BF862406D832005B1AC3 /* PokedexTests */,
				6B76BF912406D832005B1AC3 /* PokedexUITests */,
			);
		};
/* End PBXProject section */

/* Begin PBXResourcesBuildPhase section */
		6B76BF6F2406D831005B1AC3 /* Resources */ = {
			isa = PBXResourcesBuildPhase;
			buildActionMask = 2147483647;
			files = (
				6B76BF812406D832005B1AC3 /* LaunchScreen.storyboard in Resources */,
				6B76BF7E2406D832005B1AC3 /* Assets.xcassets in Resources */,
			);
			runOnlyForDeploymentPostprocessing = 0;
		};
		6B76BF852406D832005B1AC3 /* Resources */ = {
			isa = PBXResourcesBuildPhase;
			buildActionMask = 2147483647;
			files = (
			);
			runOnlyForDeploymentPostprocessing = 0;
		};
		6B76BF902406D832005B1AC3 /* Resources */ = {
			isa = PBXResourcesBuildPhase;
			buildActionMask = 2147483647;
			files = (
			);
			runOnlyForDeploymentPostprocessing = 0;
		};
/* End PBXResourcesBuildPhase section */

/* Begin PBXSourcesBuildPhase section */
		6B76BF6D2406D831005B1AC3 /* Sources */ = {
			isa = PBXSourcesBuildPhase;
			buildActionMask = 2147483647;
			files = (
				6BE1CC96240933D500DE0CFE /* PokemonView.swift in Sources */,
				6B76BF792406D831005B1AC3 /* PokedexViewController.swift in Sources */,
				6BE1CC8D24091D2C00DE0CFE /* Endpoint.swift in Sources */,
				6B76BF752406D831005B1AC3 /* AppDelegate.swift in Sources */,
				6BE1CC9024091D6200DE0CFE /* PokedexEndpoint.swift in Sources */,
				6B76BFB32407DF56005B1AC3 /* PokedexAPIClient.swift in Sources */,
				6BE1CC9F24099C1F00DE0CFE /* StatCell.swift in Sources */,
				6BE1CCA1240A76D500DE0CFE /* LevelBar.swift in Sources */,
				6B76BFA92406DECD005B1AC3 /* PokedexView.swift in Sources */,
				6BE1CC8B24084F1C00DE0CFE /* Extension.swift in Sources */,
				6B76BF772406D831005B1AC3 /* SceneDelegate.swift in Sources */,
				6B76BFB924081F19005B1AC3 /* PokeVIew.swift in Sources */,
				6BE1CC9224092B9300DE0CFE /* Constants.swift in Sources */,
				6BE1CC9B240961E800DE0CFE /* TypeCell.swift in Sources */,
				6B76BFA52406DE7C005B1AC3 /* Model.swift in Sources */,
				6BE1CC94240933CC00DE0CFE /* PokemonViewController.swift in Sources */,
				6B76BFB72407F1A8005B1AC3 /* PokedexCell.swift in Sources */,
				6B76BFAE2407CC45005B1AC3 /* APIClient.swift in Sources */,
				6B76BFB12407CC8D005B1AC3 /* NetworkError.swift in Sources */,
			);
			runOnlyForDeploymentPostprocessing = 0;
		};
		6B76BF832406D832005B1AC3 /* Sources */ = {
			isa = PBXSourcesBuildPhase;
			buildActionMask = 2147483647;
			files = (
				6B76BF8C2406D832005B1AC3 /* PokedexTests.swift in Sources */,
			);
			runOnlyForDeploymentPostprocessing = 0;
		};
		6B76BF8E2406D832005B1AC3 /* Sources */ = {
			isa = PBXSourcesBuildPhase;
			buildActionMask = 2147483647;
			files = (
				6B76BF972406D832005B1AC3 /* PokedexUITests.swift in Sources */,
			);
			runOnlyForDeploymentPostprocessing = 0;
		};
/* End PBXSourcesBuildPhase section */

/* Begin PBXTargetDependency section */
		6B76BF892406D832005B1AC3 /* PBXTargetDependency */ = {
			isa = PBXTargetDependency;
			target = 6B76BF702406D831005B1AC3 /* Pokedex */;
			targetProxy = 6B76BF882406D832005B1AC3 /* PBXContainerItemProxy */;
		};
		6B76BF942406D832005B1AC3 /* PBXTargetDependency */ = {
			isa = PBXTargetDependency;
			target = 6B76BF702406D831005B1AC3 /* Pokedex */;
			targetProxy = 6B76BF932406D832005B1AC3 /* PBXContainerItemProxy */;
		};
/* End PBXTargetDependency section */

/* Begin PBXVariantGroup section */
		6B76BF7F2406D832005B1AC3 /* LaunchScreen.storyboard */ = {
			isa = PBXVariantGroup;
			children = (
				6B76BF802406D832005B1AC3 /* Base */,
			);
			name = LaunchScreen.storyboard;
			sourceTree = "<group>";
		};
/* End PBXVariantGroup section */

/* Begin XCBuildConfiguration section */
		6B76BF992406D832005B1AC3 /* Debug */ = {
			isa = XCBuildConfiguration;
			buildSettings = {
				ALWAYS_SEARCH_USER_PATHS = NO;
				CLANG_ANALYZER_NONNULL = YES;
				CLANG_ANALYZER_NUMBER_OBJECT_CONVERSION = YES_AGGRESSIVE;
				CLANG_CXX_LANGUAGE_STANDARD = "gnu++14";
				CLANG_CXX_LIBRARY = "libc++";
				CLANG_ENABLE_MODULES = YES;
				CLANG_ENABLE_OBJC_ARC = YES;
				CLANG_ENABLE_OBJC_WEAK = YES;
				CLANG_WARN_BLOCK_CAPTURE_AUTORELEASING = YES;
				CLANG_WARN_BOOL_CONVERSION = YES;
				CLANG_WARN_COMMA = YES;
				CLANG_WARN_CONSTANT_CONVERSION = YES;
				CLANG_WARN_DEPRECATED_OBJC_IMPLEMENTATIONS = YES;
				CLANG_WARN_DIRECT_OBJC_ISA_USAGE = YES_ERROR;
				CLANG_WARN_DOCUMENTATION_COMMENTS = YES;
				CLANG_WARN_EMPTY_BODY = YES;
				CLANG_WARN_ENUM_CONVERSION = YES;
				CLANG_WARN_INFINITE_RECURSION = YES;
				CLANG_WARN_INT_CONVERSION = YES;
				CLANG_WARN_NON_LITERAL_NULL_CONVERSION = YES;
				CLANG_WARN_OBJC_IMPLICIT_RETAIN_SELF = YES;
				CLANG_WARN_OBJC_LITERAL_CONVERSION = YES;
				CLANG_WARN_OBJC_ROOT_CLASS = YES_ERROR;
				CLANG_WARN_RANGE_LOOP_ANALYSIS = YES;
				CLANG_WARN_STRICT_PROTOTYPES = YES;
				CLANG_WARN_SUSPICIOUS_MOVE = YES;
				CLANG_WARN_UNGUARDED_AVAILABILITY = YES_AGGRESSIVE;
				CLANG_WARN_UNREACHABLE_CODE = YES;
				CLANG_WARN__DUPLICATE_METHOD_MATCH = YES;
				COPY_PHASE_STRIP = NO;
				DEBUG_INFORMATION_FORMAT = dwarf;
				ENABLE_STRICT_OBJC_MSGSEND = YES;
				ENABLE_TESTABILITY = YES;
				GCC_C_LANGUAGE_STANDARD = gnu11;
				GCC_DYNAMIC_NO_PIC = NO;
				GCC_NO_COMMON_BLOCKS = YES;
				GCC_OPTIMIZATION_LEVEL = 0;
				GCC_PREPROCESSOR_DEFINITIONS = (
					"DEBUG=1",
					"$(inherited)",
				);
				GCC_WARN_64_TO_32_BIT_CONVERSION = YES;
				GCC_WARN_ABOUT_RETURN_TYPE = YES_ERROR;
				GCC_WARN_UNDECLARED_SELECTOR = YES;
				GCC_WARN_UNINITIALIZED_AUTOS = YES_AGGRESSIVE;
				GCC_WARN_UNUSED_FUNCTION = YES;
				GCC_WARN_UNUSED_VARIABLE = YES;
				IPHONEOS_DEPLOYMENT_TARGET = 13.2;
				MTL_ENABLE_DEBUG_INFO = INCLUDE_SOURCE;
				MTL_FAST_MATH = YES;
				ONLY_ACTIVE_ARCH = YES;
				SDKROOT = iphoneos;
				SWIFT_ACTIVE_COMPILATION_CONDITIONS = DEBUG;
				SWIFT_OPTIMIZATION_LEVEL = "-Onone";
			};
			name = Debug;
		};
		6B76BF9A2406D832005B1AC3 /* Release */ = {
			isa = XCBuildConfiguration;
			buildSettings = {
				ALWAYS_SEARCH_USER_PATHS = NO;
				CLANG_ANALYZER_NONNULL = YES;
				CLANG_ANALYZER_NUMBER_OBJECT_CONVERSION = YES_AGGRESSIVE;
				CLANG_CXX_LANGUAGE_STANDARD = "gnu++14";
				CLANG_CXX_LIBRARY = "libc++";
				CLANG_ENABLE_MODULES = YES;
				CLANG_ENABLE_OBJC_ARC = YES;
				CLANG_ENABLE_OBJC_WEAK = YES;
				CLANG_WARN_BLOCK_CAPTURE_AUTORELEASING = YES;
				CLANG_WARN_BOOL_CONVERSION = YES;
				CLANG_WARN_COMMA = YES;
				CLANG_WARN_CONSTANT_CONVERSION = YES;
				CLANG_WARN_DEPRECATED_OBJC_IMPLEMENTATIONS = YES;
				CLANG_WARN_DIRECT_OBJC_ISA_USAGE = YES_ERROR;
				CLANG_WARN_DOCUMENTATION_COMMENTS = YES;
				CLANG_WARN_EMPTY_BODY = YES;
				CLANG_WARN_ENUM_CONVERSION = YES;
				CLANG_WARN_INFINITE_RECURSION = YES;
				CLANG_WARN_INT_CONVERSION = YES;
				CLANG_WARN_NON_LITERAL_NULL_CONVERSION = YES;
				CLANG_WARN_OBJC_IMPLICIT_RETAIN_SELF = YES;
				CLANG_WARN_OBJC_LITERAL_CONVERSION = YES;
				CLANG_WARN_OBJC_ROOT_CLASS = YES_ERROR;
				CLANG_WARN_RANGE_LOOP_ANALYSIS = YES;
				CLANG_WARN_STRICT_PROTOTYPES = YES;
				CLANG_WARN_SUSPICIOUS_MOVE = YES;
				CLANG_WARN_UNGUARDED_AVAILABILITY = YES_AGGRESSIVE;
				CLANG_WARN_UNREACHABLE_CODE = YES;
				CLANG_WARN__DUPLICATE_METHOD_MATCH = YES;
				COPY_PHASE_STRIP = NO;
				DEBUG_INFORMATION_FORMAT = "dwarf-with-dsym";
				ENABLE_NS_ASSERTIONS = NO;
				ENABLE_STRICT_OBJC_MSGSEND = YES;
				GCC_C_LANGUAGE_STANDARD = gnu11;
				GCC_NO_COMMON_BLOCKS = YES;
				GCC_WARN_64_TO_32_BIT_CONVERSION = YES;
				GCC_WARN_ABOUT_RETURN_TYPE = YES_ERROR;
				GCC_WARN_UNDECLARED_SELECTOR = YES;
				GCC_WARN_UNINITIALIZED_AUTOS = YES_AGGRESSIVE;
				GCC_WARN_UNUSED_FUNCTION = YES;
				GCC_WARN_UNUSED_VARIABLE = YES;
				IPHONEOS_DEPLOYMENT_TARGET = 13.2;
				MTL_ENABLE_DEBUG_INFO = NO;
				MTL_FAST_MATH = YES;
				SDKROOT = iphoneos;
				SWIFT_COMPILATION_MODE = wholemodule;
				SWIFT_OPTIMIZATION_LEVEL = "-O";
				VALIDATE_PRODUCT = YES;
			};
			name = Release;
		};
		6B76BF9C2406D832005B1AC3 /* Debug */ = {
			isa = XCBuildConfiguration;
			buildSettings = {
				ASSETCATALOG_COMPILER_APPICON_NAME = AppIcon;
				CODE_SIGN_STYLE = Automatic;
				DEVELOPMENT_TEAM = Q857SJ9WK2;
				INFOPLIST_FILE = Pokedex/Info.plist;
				LD_RUNPATH_SEARCH_PATHS = (
					"$(inherited)",
					"@executable_path/Frameworks",
				);
				PRODUCT_BUNDLE_IDENTIFIER = com.DavideTarantino.Pokedexx;
				PRODUCT_NAME = "$(TARGET_NAME)";
				SWIFT_VERSION = 5.0;
				TARGETED_DEVICE_FAMILY = "1,2";
			};
			name = Debug;
		};
		6B76BF9D2406D832005B1AC3 /* Release */ = {
			isa = XCBuildConfiguration;
			buildSettings = {
				ASSETCATALOG_COMPILER_APPICON_NAME = AppIcon;
				CODE_SIGN_STYLE = Automatic;
				DEVELOPMENT_TEAM = Q857SJ9WK2;
				INFOPLIST_FILE = Pokedex/Info.plist;
				LD_RUNPATH_SEARCH_PATHS = (
					"$(inherited)",
					"@executable_path/Frameworks",
				);
				PRODUCT_BUNDLE_IDENTIFIER = com.DavideTarantino.Pokedexx;
				PRODUCT_NAME = "$(TARGET_NAME)";
				SWIFT_VERSION = 5.0;
				TARGETED_DEVICE_FAMILY = "1,2";
			};
			name = Release;
		};
		6B76BF9F2406D832005B1AC3 /* Debug */ = {
			isa = XCBuildConfiguration;
			buildSettings = {
				ALWAYS_EMBED_SWIFT_STANDARD_LIBRARIES = YES;
				BUNDLE_LOADER = "$(TEST_HOST)";
				CODE_SIGN_STYLE = Automatic;
				INFOPLIST_FILE = PokedexTests/Info.plist;
				IPHONEOS_DEPLOYMENT_TARGET = 13.2;
				LD_RUNPATH_SEARCH_PATHS = (
					"$(inherited)",
					"@executable_path/Frameworks",
					"@loader_path/Frameworks",
				);
				PRODUCT_BUNDLE_IDENTIFIER = com.DavideTarantino.PokedexTests;
				PRODUCT_NAME = "$(TARGET_NAME)";
				SWIFT_VERSION = 5.0;
				TARGETED_DEVICE_FAMILY = "1,2";
				TEST_HOST = "$(BUILT_PRODUCTS_DIR)/Pokedex.app/Pokedex";
			};
			name = Debug;
		};
		6B76BFA02406D832005B1AC3 /* Release */ = {
			isa = XCBuildConfiguration;
			buildSettings = {
				ALWAYS_EMBED_SWIFT_STANDARD_LIBRARIES = YES;
				BUNDLE_LOADER = "$(TEST_HOST)";
				CODE_SIGN_STYLE = Automatic;
				INFOPLIST_FILE = PokedexTests/Info.plist;
				IPHONEOS_DEPLOYMENT_TARGET = 13.2;
				LD_RUNPATH_SEARCH_PATHS = (
					"$(inherited)",
					"@executable_path/Frameworks",
					"@loader_path/Frameworks",
				);
				PRODUCT_BUNDLE_IDENTIFIER = com.DavideTarantino.PokedexTests;
				PRODUCT_NAME = "$(TARGET_NAME)";
				SWIFT_VERSION = 5.0;
				TARGETED_DEVICE_FAMILY = "1,2";
				TEST_HOST = "$(BUILT_PRODUCTS_DIR)/Pokedex.app/Pokedex";
			};
			name = Release;
		};
		6B76BFA22406D832005B1AC3 /* Debug */ = {
			isa = XCBuildConfiguration;
			buildSettings = {
				ALWAYS_EMBED_SWIFT_STANDARD_LIBRARIES = YES;
				CODE_SIGN_STYLE = Automatic;
				INFOPLIST_FILE = PokedexUITests/Info.plist;
				LD_RUNPATH_SEARCH_PATHS = (
					"$(inherited)",
					"@executable_path/Frameworks",
					"@loader_path/Frameworks",
				);
				PRODUCT_BUNDLE_IDENTIFIER = com.DavideTarantino.PokedexUITests;
				PRODUCT_NAME = "$(TARGET_NAME)";
				SWIFT_VERSION = 5.0;
				TARGETED_DEVICE_FAMILY = "1,2";
				TEST_TARGET_NAME = Pokedex;
			};
			name = Debug;
		};
		6B76BFA32406D832005B1AC3 /* Release */ = {
			isa = XCBuildConfiguration;
			buildSettings = {
				ALWAYS_EMBED_SWIFT_STANDARD_LIBRARIES = YES;
				CODE_SIGN_STYLE = Automatic;
				INFOPLIST_FILE = PokedexUITests/Info.plist;
				LD_RUNPATH_SEARCH_PATHS = (
					"$(inherited)",
					"@executable_path/Frameworks",
					"@loader_path/Frameworks",
				);
				PRODUCT_BUNDLE_IDENTIFIER = com.DavideTarantino.PokedexUITests;
				PRODUCT_NAME = "$(TARGET_NAME)";
				SWIFT_VERSION = 5.0;
				TARGETED_DEVICE_FAMILY = "1,2";
				TEST_TARGET_NAME = Pokedex;
			};
			name = Release;
		};
/* End XCBuildConfiguration section */

/* Begin XCConfigurationList section */
		6B76BF6C2406D831005B1AC3 /* Build configuration list for PBXProject "Pokedex" */ = {
			isa = XCConfigurationList;
			buildConfigurations = (
				6B76BF992406D832005B1AC3 /* Debug */,
				6B76BF9A2406D832005B1AC3 /* Release */,
			);
			defaultConfigurationIsVisible = 0;
			defaultConfigurationName = Release;
		};
		6B76BF9B2406D832005B1AC3 /* Build configuration list for PBXNativeTarget "Pokedex" */ = {
			isa = XCConfigurationList;
			buildConfigurations = (
				6B76BF9C2406D832005B1AC3 /* Debug */,
				6B76BF9D2406D832005B1AC3 /* Release */,
			);
			defaultConfigurationIsVisible = 0;
			defaultConfigurationName = Release;
		};
		6B76BF9E2406D832005B1AC3 /* Build configuration list for PBXNativeTarget "PokedexTests" */ = {
			isa = XCConfigurationList;
			buildConfigurations = (
				6B76BF9F2406D832005B1AC3 /* Debug */,
				6B76BFA02406D832005B1AC3 /* Release */,
			);
			defaultConfigurationIsVisible = 0;
			defaultConfigurationName = Release;
		};
		6B76BFA12406D832005B1AC3 /* Build configuration list for PBXNativeTarget "PokedexUITests" */ = {
			isa = XCConfigurationList;
			buildConfigurations = (
				6B76BFA22406D832005B1AC3 /* Debug */,
				6B76BFA32406D832005B1AC3 /* Release */,
			);
			defaultConfigurationIsVisible = 0;
			defaultConfigurationName = Release;
		};
/* End XCConfigurationList section */

/* Begin XCRemoteSwiftPackageReference section */
		6B76BFAA2406DF15005B1AC3 /* XCRemoteSwiftPackageReference "PinLayout" */ = {
			isa = XCRemoteSwiftPackageReference;
			repositoryURL = "https://github.com/layoutBox/PinLayout";
			requirement = {
				kind = upToNextMajorVersion;
				minimumVersion = 1.8.13;
			};
		};
		6BE1CC8424083CBB00DE0CFE /* XCRemoteSwiftPackageReference "Kingfisher" */ = {
			isa = XCRemoteSwiftPackageReference;
			repositoryURL = "https://github.com/onevcat/Kingfisher";
			requirement = {
				kind = upToNextMajorVersion;
				minimumVersion = 5.13.2;
			};
		};
/* End XCRemoteSwiftPackageReference section */

/* Begin XCSwiftPackageProductDependency section */
		6B76BFAB2406DF15005B1AC3 /* PinLayout */ = {
			isa = XCSwiftPackageProductDependency;
			package = 6B76BFAA2406DF15005B1AC3 /* XCRemoteSwiftPackageReference "PinLayout" */;
			productName = PinLayout;
		};
		6BE1CC8524083CBC00DE0CFE /* Kingfisher */ = {
			isa = XCSwiftPackageProductDependency;
			package = 6BE1CC8424083CBB00DE0CFE /* XCRemoteSwiftPackageReference "Kingfisher" */;
			productName = Kingfisher;
		};
/* End XCSwiftPackageProductDependency section */
	};
	rootObject = 6B76BF692406D831005B1AC3 /* Project object */;
}
